
Microsoft Visual Studio Solution File, Format Version 12.00
# Visual Studio 15
VisualStudioVersion = 15.0.28307.1022
MinimumVisualStudioVersion = 10.0.40219.1
Project("{FAE04EC0-301F-11D3-BF4B-00C04F79EFBC}") = "ReactivePropertyTestApp", "ReactivePropertyTestApp\ReactivePropertyTestApp.csproj", "{A40BC6D5-7105-40D7-91B6-0922335E5A93}"
EndProject
Global
	GlobalSection(SolutionConfigurationPlatforms) = preSolution
		Debug|Any CPU = Debug|Any CPU
		Release|Any CPU = Release|Any CPU
	EndGlobalSection
	GlobalSection(ProjectConfigurationPlatforms) = postSolution
		{A40BC6D5-7105-40D7-91B6-0922335E5A93}.Debug|Any CPU.ActiveCfg = Debug|Any CPU
		{A40BC6D5-7105-40D7-91B6-0922335E5A93}.Debug|Any CPU.Build.0 = Debug|Any CPU
		{A40BC6D5-7105-40D7-91B6-0922335E5A93}.Release|Any CPU.ActiveCfg = Release|Any CPU
		{A40BC6D5-7105-40D7-91B6-0922335E5A93}.Release|Any CPU.Build.0 = Release|Any CPU
	EndGlobalSection
	GlobalSection(SolutionProperties) = preSolution
		HideSolutionNode = FALSE
	EndGlobalSection
	GlobalSection(ExtensibilityGlobals) = postSolution
		SolutionGuid = {1B4493E5-E9C2-49A7-8D3B-E54ADFCA36BE}
	EndGlobalSection
EndGlobal
